
Microsoft Visual Studio Solution File, Format Version 12.00
# Visual Studio 15
VisualStudioVersion = 15.0.28307.705
MinimumVisualStudioVersion = 10.0.40219.1
Project("{FAE04EC0-301F-11D3-BF4B-00C04F79EFBC}") = "PythagorasSolutions", "PythagorasSolutions\PythagorasSolutions.csproj", "{97497798-9C59-4E85-AB95-B71588F7990C}"
EndProject
Global
	GlobalSection(SolutionConfigurationPlatforms) = preSolution
		Debug|Any CPU = Debug|Any CPU
		Release|Any CPU = Release|Any CPU
	EndGlobalSection
	GlobalSection(ProjectConfigurationPlatforms) = postSolution
		{97497798-9C59-4E85-AB95-B71588F7990C}.Debug|Any CPU.ActiveCfg = Debug|Any CPU
		{97497798-9C59-4E85-AB95-B71588F7990C}.Debug|Any CPU.Build.0 = Debug|Any CPU
		{97497798-9C59-4E85-AB95-B71588F7990C}.Release|Any CPU.ActiveCfg = Release|Any CPU
		{97497798-9C59-4E85-AB95-B71588F7990C}.Release|Any CPU.Build.0 = Release|Any CPU
	EndGlobalSection
	GlobalSection(SolutionProperties) = preSolution
		HideSolutionNode = FALSE
	EndGlobalSection
	GlobalSection(ExtensibilityGlobals) = postSolution
		SolutionGuid = {8E1B7276-1C69-418C-B36C-2A13C1DA6338}
	EndGlobalSection
EndGlobal
